
Microsoft Visual Studio Solution File, Format Version 12.00
# Visual Studio Version 16
VisualStudioVersion = 16.0.31005.135
MinimumVisualStudioVersion = 10.0.40219.1
Project("{FAE04EC0-301F-11D3-BF4B-00C04F79EFBC}") = "Upg1_Asp.Net.MVC", "Upg1_Asp.Net.MVC\Upg1_Asp.Net.MVC.csproj", "{AF14A80A-59D9-4B7A-A251-5BDC5089B8C7}"
EndProject
Global
	GlobalSection(SolutionConfigurationPlatforms) = preSolution
		Debug|Any CPU = Debug|Any CPU
		Release|Any CPU = Release|Any CPU
	EndGlobalSection
	GlobalSection(ProjectConfigurationPlatforms) = postSolution
		{AF14A80A-59D9-4B7A-A251-5BDC5089B8C7}.Debug|Any CPU.ActiveCfg = Debug|Any CPU
		{AF14A80A-59D9-4B7A-A251-5BDC5089B8C7}.Debug|Any CPU.Build.0 = Debug|Any CPU
		{AF14A80A-59D9-4B7A-A251-5BDC5089B8C7}.Release|Any CPU.ActiveCfg = Release|Any CPU
		{AF14A80A-59D9-4B7A-A251-5BDC5089B8C7}.Release|Any CPU.Build.0 = Release|Any CPU
	EndGlobalSection
	GlobalSection(SolutionProperties) = preSolution
		HideSolutionNode = FALSE
	EndGlobalSection
	GlobalSection(ExtensibilityGlobals) = postSolution
		SolutionGuid = {839AC759-CE8D-4DE0-A43B-ECC55A7E9E60}
	EndGlobalSection
EndGlobal
